// !$*UTF8*$!
{
	archiveVersion = 1;
	classes = {
	};
	objectVersion = 46;
	objects = {

/* Begin PBXBuildFile section */
		1C3EB8E11AD7830C0079589D /* AppDelegate.swift in Sources */ = {isa = PBXBuildFile; fileRef = 1C3EB8E01AD7830C0079589D /* AppDelegate.swift */; };
		1C3EB8E31AD7830C0079589D /* ViewController.swift in Sources */ = {isa = PBXBuildFile; fileRef = 1C3EB8E21AD7830C0079589D /* ViewController.swift */; };
		1C3EB8E61AD7830C0079589D /* Main.storyboard in Resources */ = {isa = PBXBuildFile; fileRef = 1C3EB8E41AD7830C0079589D /* Main.storyboard */; };
		1C3EB8E81AD7830C0079589D /* Images.xcassets in Resources */ = {isa = PBXBuildFile; fileRef = 1C3EB8E71AD7830C0079589D /* Images.xcassets */; };
		1C3EB8EB1AD7830C0079589D /* LaunchScreen.xib in Resources */ = {isa = PBXBuildFile; fileRef = 1C3EB8E91AD7830C0079589D /* LaunchScreen.xib */; };
		1C3EB8F71AD7830C0079589D /* ftpTests.swift in Sources */ = {isa = PBXBuildFile; fileRef = 1C3EB8F61AD7830C0079589D /* ftpTests.swift */; };
/* End PBXBuildFile section */

/* Begin PBXContainerItemProxy section */
		1C3EB8F11AD7830C0079589D /* PBXContainerItemProxy */ = {
			isa = PBXContainerItemProxy;
			containerPortal = 1C3EB8D31AD7830C0079589D /* Project object */;
			proxyType = 1;
			remoteGlobalIDString = 1C3EB8DA1AD7830C0079589D;
			remoteInfo = ftp;
		};
/* End PBXContainerItemProxy section */

/* Begin PBXFileReference section */
		1C3EB8DB1AD7830C0079589D /* ftp.app */ = {isa = PBXFileReference; explicitFileType = wrapper.application; includeInIndex = 0; path = ftp.app; sourceTree = BUILT_PRODUCTS_DIR; };
		1C3EB8DF1AD7830C0079589D /* Info.plist */ = {isa = PBXFileReference; lastKnownFileType = text.plist.xml; path = Info.plist; sourceTree = "<group>"; };
		1C3EB8E01AD7830C0079589D /* AppDelegate.swift */ = {isa = PBXFileReference; lastKnownFileType = sourcecode.swift; path = AppDelegate.swift; sourceTree = "<group>"; };
		1C3EB8E21AD7830C0079589D /* ViewController.swift */ = {isa = PBXFileReference; lastKnownFileType = sourcecode.swift; path = ViewController.swift; sourceTree = "<group>"; };
		1C3EB8E51AD7830C0079589D /* Base */ = {isa = PBXFileReference; lastKnownFileType = file.storyboard; name = Base; path = Base.lproj/Main.storyboard; sourceTree = "<group>"; };
		1C3EB8E71AD7830C0079589D /* Images.xcassets */ = {isa = PBXFileReference; lastKnownFileType = folder.assetcatalog; path = Images.xcassets; sourceTree = "<group>"; };
		1C3EB8EA1AD7830C0079589D /* Base */ = {isa = PBXFileReference; lastKnownFileType = file.xib; name = Base; path = Base.lproj/LaunchScreen.xib; sourceTree = "<group>"; };
		1C3EB8F01AD7830C0079589D /* ftpTests.xctest */ = {isa = PBXFileReference; explicitFileType = wrapper.cfbundle; includeInIndex = 0; path = ftpTests.xctest; sourceTree = BUILT_PRODUCTS_DIR; };
		1C3EB8F51AD7830C0079589D /* Info.plist */ = {isa = PBXFileReference; lastKnownFileType = text.plist.xml; path = Info.plist; sourceTree = "<group>"; };
		1C3EB8F61AD7830C0079589D /* ftpTests.swift */ = {isa = PBXFileReference; lastKnownFileType = sourcecode.swift; path = ftpTests.swift; sourceTree = "<group>"; };
/* End PBXFileReference section */

/* Begin PBXFrameworksBuildPhase section */
		1C3EB8D81AD7830C0079589D /* Frameworks */ = {
			isa = PBXFrameworksBuildPhase;
			buildActionMask = 2147483647;
			files = (
			);
			runOnlyForDeploymentPostprocessing = 0;
		};
		1C3EB8ED1AD7830C0079589D /* Frameworks */ = {
			isa = PBXFrameworksBuildPhase;
			buildActionMask = 2147483647;
			files = (
			);
			runOnlyForDeploymentPostprocessing = 0;
		};
/* End PBXFrameworksBuildPhase section */

/* Begin PBXGroup section */
		1C3EB8D21AD7830C0079589D = {
			isa = PBXGroup;
			children = (
				1C3EB8DD1AD7830C0079589D /* ftp */,
				1C3EB8F31AD7830C0079589D /* ftpTests */,
				1C3EB8DC1AD7830C0079589D /* Products */,
			);
			sourceTree = "<group>";
		};
		1C3EB8DC1AD7830C0079589D /* Products */ = {
			isa = PBXGroup;
			children = (
				1C3EB8DB1AD7830C0079589D /* ftp.app */,
				1C3EB8F01AD7830C0079589D /* ftpTests.xctest */,
			);
			name = Products;
			sourceTree = "<group>";
		};
		1C3EB8DD1AD7830C0079589D /* ftp */ = {
			isa = PBXGroup;
			children = (
				1C3EB8E21AD7830C0079589D /* ViewController.swift */,
				1C3EB8E41AD7830C0079589D /* Main.storyboard */,
				1C3EB8DE1AD7830C0079589D /* Supporting Files */,
			);
			path = ftp;
			sourceTree = "<group>";
		};
		1C3EB8DE1AD7830C0079589D /* Supporting Files */ = {
			isa = PBXGroup;
			children = (
				1C3EB8E01AD7830C0079589D /* AppDelegate.swift */,
				1C3EB8E71AD7830C0079589D /* Images.xcassets */,
				1C3EB8E91AD7830C0079589D /* LaunchScreen.xib */,
				1C3EB8DF1AD7830C0079589D /* Info.plist */,
			);
			name = "Supporting Files";
			sourceTree = "<group>";
		};
		1C3EB8F31AD7830C0079589D /* ftpTests */ = {
			isa = PBXGroup;
			children = (
				1C3EB8F61AD7830C0079589D /* ftpTests.swift */,
				1C3EB8F41AD7830C0079589D /* Supporting Files */,
			);
			path = ftpTests;
			sourceTree = "<group>";
		};
		1C3EB8F41AD7830C0079589D /* Supporting Files */ = {
			isa = PBXGroup;
			children = (
				1C3EB8F51AD7830C0079589D /* Info.plist */,
			);
			name = "Supporting Files";
			sourceTree = "<group>";
		};
/* End PBXGroup section */

/* Begin PBXNativeTarget section */
		1C3EB8DA1AD7830C0079589D /* ftp */ = {
			isa = PBXNativeTarget;
			buildConfigurationList = 1C3EB8FA1AD7830C0079589D /* Build configuration list for PBXNativeTarget "ftp" */;
			buildPhases = (
				1C3EB8D71AD7830C0079589D /* Sources */,
				1C3EB8D81AD7830C0079589D /* Frameworks */,
				1C3EB8D91AD7830C0079589D /* Resources */,
			);
			buildRules = (
			);
			dependencies = (
			);
			name = ftp;
			productName = ftp;
			productReference = 1C3EB8DB1AD7830C0079589D /* ftp.app */;
			productType = "com.apple.product-type.application";
		};
		1C3EB8EF1AD7830C0079589D /* ftpTests */ = {
			isa = PBXNativeTarget;
			buildConfigurationList = 1C3EB8FD1AD7830C0079589D /* Build configuration list for PBXNativeTarget "ftpTests" */;
			buildPhases = (
				1C3EB8EC1AD7830C0079589D /* Sources */,
				1C3EB8ED1AD7830C0079589D /* Frameworks */,
				1C3EB8EE1AD7830C0079589D /* Resources */,
			);
			buildRules = (
			);
			dependencies = (
				1C3EB8F21AD7830C0079589D /* PBXTargetDependency */,
			);
			name = ftpTests;
			productName = ftpTests;
			productReference = 1C3EB8F01AD7830C0079589D /* ftpTests.xctest */;
			productType = "com.apple.product-type.bundle.unit-test";
		};
/* End PBXNativeTarget section */

/* Begin PBXProject section */
		1C3EB8D31AD7830C0079589D /* Project object */ = {
			isa = PBXProject;
			attributes = {
				LastUpgradeCheck = 0630;
				ORGANIZATIONNAME = "Peter Yao";
				TargetAttributes = {
					1C3EB8DA1AD7830C0079589D = {
						CreatedOnToolsVersion = 6.3;
					};
					1C3EB8EF1AD7830C0079589D = {
						CreatedOnToolsVersion = 6.3;
						TestTargetID = 1C3EB8DA1AD7830C0079589D;
					};
				};
			};
			buildConfigurationList = 1C3EB8D61AD7830C0079589D /* Build configuration list for PBXProject "ftp" */;
			compatibilityVersion = "Xcode 3.2";
			developmentRegion = English;
			hasScannedForEncodings = 0;
			knownRegions = (
				en,
				Base,
			);
			mainGroup = 1C3EB8D21AD7830C0079589D;
			productRefGroup = 1C3EB8DC1AD7830C0079589D /* Products */;
			projectDirPath = "";
			projectRoot = "";
			targets = (
				1C3EB8DA1AD7830C0079589D /* ftp */,
				1C3EB8EF1AD7830C0079589D /* ftpTests */,
			);
		};
/* End PBXProject section */

/* Begin PBXResourcesBuildPhase section */
		1C3EB8D91AD7830C0079589D /* Resources */ = {
			isa = PBXResourcesBuildPhase;
			buildActionMask = 2147483647;
			files = (
				1C3EB8E61AD7830C0079589D /* Main.storyboard in Resources */,
				1C3EB8EB1AD7830C0079589D /* LaunchScreen.xib in Resources */,
				1C3EB8E81AD7830C0079589D /* Images.xcassets in Resources */,
			);
			runOnlyForDeploymentPostprocessing = 0;
		};
		1C3EB8EE1AD7830C0079589D /* Resources */ = {
			isa = PBXResourcesBuildPhase;
			buildActionMask = 2147483647;
			files = (
			);
			runOnlyForDeploymentPostprocessing = 0;
		};
/* End PBXResourcesBuildPhase section */

/* Begin PBXSourcesBuildPhase section */
		1C3EB8D71AD7830C0079589D /* Sources */ = {
			isa = PBXSourcesBuildPhase;
			buildActionMask = 2147483647;
			files = (
				1C3EB8E31AD7830C0079589D /* ViewController.swift in Sources */,
				1C3EB8E11AD7830C0079589D /* AppDelegate.swift in Sources */,
			);
			runOnlyForDeploymentPostprocessing = 0;
		};
		1C3EB8EC1AD7830C0079589D /* Sources */ = {
			isa = PBXSourcesBuildPhase;
			buildActionMask = 2147483647;
			files = (
				1C3EB8F71AD7830C0079589D /* ftpTests.swift in Sources */,
			);
			runOnlyForDeploymentPostprocessing = 0;
		};
/* End PBXSourcesBuildPhase section */

/* Begin PBXTargetDependency section */
		1C3EB8F21AD7830C0079589D /* PBXTargetDependency */ = {
			isa = PBXTargetDependency;
			target = 1C3EB8DA1AD7830C0079589D /* ftp */;
			targetProxy = 1C3EB8F11AD7830C0079589D /* PBXContainerItemProxy */;
		};
/* End PBXTargetDependency section */

/* Begin PBXVariantGroup section */
		1C3EB8E41AD7830C0079589D /* Main.storyboard */ = {
			isa = PBXVariantGroup;
			children = (
				1C3EB8E51AD7830C0079589D /* Base */,
			);
			name = Main.storyboard;
			sourceTree = "<group>";
		};
		1C3EB8E91AD7830C0079589D /* LaunchScreen.xib */ = {
			isa = PBXVariantGroup;
			children = (
				1C3EB8EA1AD7830C0079589D /* Base */,
			);
			name = LaunchScreen.xib;
			sourceTree = "<group>";
		};
/* End PBXVariantGroup section */

/* Begin XCBuildConfiguration section */
		1C3EB8F81AD7830C0079589D /* Debug */ = {
			isa = XCBuildConfiguration;
			buildSettings = {
				ALWAYS_SEARCH_USER_PATHS = NO;
				CLANG_CXX_LANGUAGE_STANDARD = "gnu++0x";
				CLANG_CXX_LIBRARY = "libc++";
				CLANG_ENABLE_MODULES = YES;
				CLANG_ENABLE_OBJC_ARC = YES;
				CLANG_WARN_BOOL_CONVERSION = YES;
				CLANG_WARN_CONSTANT_CONVERSION = YES;
				CLANG_WARN_DIRECT_OBJC_ISA_USAGE = YES_ERROR;
				CLANG_WARN_EMPTY_BODY = YES;
				CLANG_WARN_ENUM_CONVERSION = YES;
				CLANG_WARN_INT_CONVERSION = YES;
				CLANG_WARN_OBJC_ROOT_CLASS = YES_ERROR;
				CLANG_WARN_UNREACHABLE_CODE = YES;
				CLANG_WARN__DUPLICATE_METHOD_MATCH = YES;
				"CODE_SIGN_IDENTITY[sdk=iphoneos*]" = "iPhone Developer";
				COPY_PHASE_STRIP = NO;
				DEBUG_INFORMATION_FORMAT = "dwarf-with-dsym";
				ENABLE_STRICT_OBJC_MSGSEND = YES;
				GCC_C_LANGUAGE_STANDARD = gnu99;
				GCC_DYNAMIC_NO_PIC = NO;
				GCC_NO_COMMON_BLOCKS = YES;
				GCC_OPTIMIZATION_LEVEL = 0;
				GCC_PREPROCESSOR_DEFINITIONS = (
					"DEBUG=1",
					"$(inherited)",
				);
				GCC_SYMBOLS_PRIVATE_EXTERN = NO;
				GCC_WARN_64_TO_32_BIT_CONVERSION = YES;
				GCC_WARN_ABOUT_RETURN_TYPE = YES_ERROR;
				GCC_WARN_UNDECLARED_SELECTOR = YES;
				GCC_WARN_UNINITIALIZED_AUTOS = YES_AGGRESSIVE;
				GCC_WARN_UNUSED_FUNCTION = YES;
				GCC_WARN_UNUSED_VARIABLE = YES;
				IPHONEOS_DEPLOYMENT_TARGET = 8.3;
				MTL_ENABLE_DEBUG_INFO = YES;
				ONLY_ACTIVE_ARCH = YES;
				SDKROOT = iphoneos;
				SWIFT_OPTIMIZATION_LEVEL = "-Onone";
				TARGETED_DEVICE_FAMILY = "1,2";
			};
			name = Debug;
		};
		1C3EB8F91AD7830C0079589D /* Release */ = {
			isa = XCBuildConfiguration;
			buildSettings = {
				ALWAYS_SEARCH_USER_PATHS = NO;
				CLANG_CXX_LANGUAGE_STANDARD = "gnu++0x";
				CLANG_CXX_LIBRARY = "libc++";
				CLANG_ENABLE_MODULES = YES;
				CLANG_ENABLE_OBJC_ARC = YES;
				CLANG_WARN_BOOL_CONVERSION = YES;
				CLANG_WARN_CONSTANT_CONVERSION = YES;
				CLANG_WARN_DIRECT_OBJC_ISA_USAGE = YES_ERROR;
				CLANG_WARN_EMPTY_BODY = YES;
				CLANG_WARN_ENUM_CONVERSION = YES;
				CLANG_WARN_INT_CONVERSION = YES;
				CLANG_WARN_OBJC_ROOT_CLASS = YES_ERROR;
				CLANG_WARN_UNREACHABLE_CODE = YES;
				CLANG_WARN__DUPLICATE_METHOD_MATCH = YES;
				"CODE_SIGN_IDENTITY[sdk=iphoneos*]" = "iPhone Developer";
				COPY_PHASE_STRIP = NO;
				DEBUG_INFORMATION_FORMAT = "dwarf-with-dsym";
				ENABLE_NS_ASSERTIONS = NO;
				ENABLE_STRICT_OBJC_MSGSEND = YES;
				GCC_C_LANGUAGE_STANDARD = gnu99;
				GCC_NO_COMMON_BLOCKS = YES;
				GCC_WARN_64_TO_32_BIT_CONVERSION = YES;
				GCC_WARN_ABOUT_RETURN_TYPE = YES_ERROR;
				GCC_WARN_UNDECLARED_SELECTOR = YES;
				GCC_WARN_UNINITIALIZED_AUTOS = YES_AGGRESSIVE;
				GCC_WARN_UNUSED_FUNCTION = YES;
				GCC_WARN_UNUSED_VARIABLE = YES;
				IPHONEOS_DEPLOYMENT_TARGET = 8.3;
				MTL_ENABLE_DEBUG_INFO = NO;
				SDKROOT = iphoneos;
				TARGETED_DEVICE_FAMILY = "1,2";
				VALIDATE_PRODUCT = YES;
			};
			name = Release;
		};
		1C3EB8FB1AD7830C0079589D /* Debug */ = {
			isa = XCBuildConfiguration;
			buildSettings = {
				ASSETCATALOG_COMPILER_APPICON_NAME = AppIcon;
				INFOPLIST_FILE = ftp/Info.plist;
				LD_RUNPATH_SEARCH_PATHS = "$(inherited) @executable_path/Frameworks";
				PRODUCT_NAME = "$(TARGET_NAME)";
			};
			name = Debug;
		};
		1C3EB8FC1AD7830C0079589D /* Release */ = {
			isa = XCBuildConfiguration;
			buildSettings = {
				ASSETCATALOG_COMPILER_APPICON_NAME = AppIcon;
				INFOPLIST_FILE = ftp/Info.plist;
				LD_RUNPATH_SEARCH_PATHS = "$(inherited) @executable_path/Frameworks";
				PRODUCT_NAME = "$(TARGET_NAME)";
			};
			name = Release;
		};
		1C3EB8FE1AD7830C0079589D /* Debug */ = {
			isa = XCBuildConfiguration;
			buildSettings = {
				BUNDLE_LOADER = "$(TEST_HOST)";
				FRAMEWORK_SEARCH_PATHS = (
					"$(SDKROOT)/Developer/Library/Frameworks",
					"$(inherited)",
				);
				GCC_PREPROCESSOR_DEFINITIONS = (
					"DEBUG=1",
					"$(inherited)",
				);
				INFOPLIST_FILE = ftpTests/Info.plist;
				LD_RUNPATH_SEARCH_PATHS = "$(inherited) @executable_path/Frameworks @loader_path/Frameworks";
				PRODUCT_NAME = "$(TARGET_NAME)";
				TEST_HOST = "$(BUILT_PRODUCTS_DIR)/ftp.app/ftp";
			};
			name = Debug;
		};
		1C3EB8FF1AD7830C0079589D /* Release */ = {
			isa = XCBuildConfiguration;
			buildSettings = {
				BUNDLE_LOADER = "$(TEST_HOST)";
				FRAMEWORK_SEARCH_PATHS = (
					"$(SDKROOT)/Developer/Library/Frameworks",
					"$(inherited)",
				);
				INFOPLIST_FILE = ftpTests/Info.plist;
				LD_RUNPATH_SEARCH_PATHS = "$(inherited) @executable_path/Frameworks @loader_path/Frameworks";
				PRODUCT_NAME = "$(TARGET_NAME)";
				TEST_HOST = "$(BUILT_PRODUCTS_DIR)/ftp.app/ftp";
			};
			name = Release;
		};
/* End XCBuildConfiguration section */

/* Begin XCConfigurationList section */
		1C3EB8D61AD7830C0079589D /* Build configuration list for PBXProject "ftp" */ = {
			isa = XCConfigurationList;
			buildConfigurations = (
				1C3EB8F81AD7830C0079589D /* Debug */,
				1C3EB8F91AD7830C0079589D /* Release */,
			);
			defaultConfigurationIsVisible = 0;
			defaultConfigurationName = Release;
		};
		1C3EB8FA1AD7830C0079589D /* Build configuration list for PBXNativeTarget "ftp" */ = {
			isa = XCConfigurationList;
			buildConfigurations = (
				1C3EB8FB1AD7830C0079589D /* Debug */,
				1C3EB8FC1AD7830C0079589D /* Release */,
			);
			defaultConfigurationIsVisible = 0;
		};
		1C3EB8FD1AD7830C0079589D /* Build configuration list for PBXNativeTarget "ftpTests" */ = {
			isa = XCConfigurationList;
			buildConfigurations = (
				1C3EB8FE1AD7830C0079589D /* Debug */,
				1C3EB8FF1AD7830C0079589D /* Release */,
			);
			defaultConfigurationIsVisible = 0;
		};
/* End XCConfigurationList section */
	};
	rootObject = 1C3EB8D31AD7830C0079589D /* Project object */;
}
